
Microsoft Visual Studio Solution File, Format Version 12.00
# Visual Studio Version 17
VisualStudioVersion = 17.9.34701.34
MinimumVisualStudioVersion = 10.0.40219.1
Project("{FAE04EC0-301F-11D3-BF4B-00C04F79EFBC}") = "Zad3", "Lab3\Zad3.csproj", "{6F321767-140C-41E5-9A8C-96C476A6979D}"
EndProject
Project("{FAE04EC0-301F-11D3-BF4B-00C04F79EFBC}") = "Zad1", "Zad1\Zad1.csproj", "{28A75EA0-0F53-4621-8C5A-C80F534F6D4B}"
EndProject
Project("{FAE04EC0-301F-11D3-BF4B-00C04F79EFBC}") = "Zad2-Console", "Zad2-Console\Zad2-Console.csproj", "{2DDDA5F9-2EE1-4937-A482-34F9ECCF398D}"
EndProject
Global
	GlobalSection(SolutionConfigurationPlatforms) = preSolution
		Debug|Any CPU = Debug|Any CPU
		Release|Any CPU = Release|Any CPU
	EndGlobalSection
	GlobalSection(ProjectConfigurationPlatforms) = postSolution
		{6F321767-140C-41E5-9A8C-96C476A6979D}.Debug|Any CPU.ActiveCfg = Debug|Any CPU
		{6F321767-140C-41E5-9A8C-96C476A6979D}.Debug|Any CPU.Build.0 = Debug|Any CPU
		{6F321767-140C-41E5-9A8C-96C476A6979D}.Release|Any CPU.ActiveCfg = Release|Any CPU
		{6F321767-140C-41E5-9A8C-96C476A6979D}.Release|Any CPU.Build.0 = Release|Any CPU
		{28A75EA0-0F53-4621-8C5A-C80F534F6D4B}.Debug|Any CPU.ActiveCfg = Debug|Any CPU
		{28A75EA0-0F53-4621-8C5A-C80F534F6D4B}.Debug|Any CPU.Build.0 = Debug|Any CPU
		{28A75EA0-0F53-4621-8C5A-C80F534F6D4B}.Release|Any CPU.ActiveCfg = Release|Any CPU
		{28A75EA0-0F53-4621-8C5A-C80F534F6D4B}.Release|Any CPU.Build.0 = Release|Any CPU
		{2DDDA5F9-2EE1-4937-A482-34F9ECCF398D}.Debug|Any CPU.ActiveCfg = Debug|Any CPU
		{2DDDA5F9-2EE1-4937-A482-34F9ECCF398D}.Debug|Any CPU.Build.0 = Debug|Any CPU
		{2DDDA5F9-2EE1-4937-A482-34F9ECCF398D}.Release|Any CPU.ActiveCfg = Release|Any CPU
		{2DDDA5F9-2EE1-4937-A482-34F9ECCF398D}.Release|Any CPU.Build.0 = Release|Any CPU
	EndGlobalSection
	GlobalSection(SolutionProperties) = preSolution
		HideSolutionNode = FALSE
	EndGlobalSection
	GlobalSection(ExtensibilityGlobals) = postSolution
		SolutionGuid = {5FF232D3-A3FD-40E0-B6BE-5F8182B174E1}
	EndGlobalSection
EndGlobal
